PODS:
  - SDWebImage (3.7.2):
    - SDWebImage/Core (= 3.7.2)
  - SDWebImage/Core (3.7.2)
  - Spring (1.0.2)
  - SVPullToRefresh (0.4.1)

DEPENDENCIES:
  - SDWebImage
  - Spring (~> 1.0.1)
  - SVPullToRefresh

SPEC CHECKSUMS:
  SDWebImage: 71b7cdc1d1721d6a82ed62889030225f2c249e29
  Spring: b9c8a315befd509c531701f2edc4405ab9d00bad
  SVPullToRefresh: d5161ebc833a38b465364412e5e307ca80bbb190

COCOAPODS: 0.36.0
